
Microsoft Visual Studio Solution File, Format Version 12.00
# Visual Studio Version 17
VisualStudioVersion = 17.5.002.0
MinimumVisualStudioVersion = 10.0.40219.1
Project("{9A19103F-16F7-4668-BE54-9A1E7A4F7556}") = "Dino", "Dino\Dino.csproj", "{2AA1EE31-A8CB-4AB4-A9CE-5E4A9945E816}"
EndProject
Global
	GlobalSection(SolutionConfigurationPlatforms) = preSolution
		Debug|Any CPU = Debug|Any CPU
		Release|Any CPU = Release|Any CPU
	EndGlobalSection
	GlobalSection(ProjectConfigurationPlatforms) = postSolution
		{2AA1EE31-A8CB-4AB4-A9CE-5E4A9945E816}.Debug|Any CPU.ActiveCfg = Debug|Any CPU
		{2AA1EE31-A8CB-4AB4-A9CE-5E4A9945E816}.Debug|Any CPU.Build.0 = Debug|Any CPU
		{2AA1EE31-A8CB-4AB4-A9CE-5E4A9945E816}.Release|Any CPU.ActiveCfg = Release|Any CPU
		{2AA1EE31-A8CB-4AB4-A9CE-5E4A9945E816}.Release|Any CPU.Build.0 = Release|Any CPU
	EndGlobalSection
	GlobalSection(SolutionProperties) = preSolution
		HideSolutionNode = FALSE
	EndGlobalSection
	GlobalSection(ExtensibilityGlobals) = postSolution
		SolutionGuid = {FADD5847-4676-48D6-AF87-891EEA48D6AB}
	EndGlobalSection
EndGlobal
